
Microsoft Visual Studio Solution File, Format Version 12.00
# Visual Studio Version 17
VisualStudioVersion = 17.1.32228.430
MinimumVisualStudioVersion = 10.0.40219.1
Project("{9A19103F-16F7-4668-BE54-9A1E7A4F7556}") = "SYNCTEKNOLOJITASK1", "SYNCTEKNOLOJITASK1\SYNCTEKNOLOJITASK1.csproj", "{787A6654-ECFA-4B85-827E-27A176730F9D}"
EndProject
Project("{FAE04EC0-301F-11D3-BF4B-00C04F79EFBC}") = "Entities", "Entities\Entities.csproj", "{978C6292-6750-4FD1-A195-7CCEF8C942F9}"
EndProject
Project("{FAE04EC0-301F-11D3-BF4B-00C04F79EFBC}") = "DataAccess", "DataAccess\DataAccess.csproj", "{6B44EBFC-C1E2-4636-AD24-7B5CDB4E6511}"
EndProject
Global
	GlobalSection(SolutionConfigurationPlatforms) = preSolution
		Debug|Any CPU = Debug|Any CPU
		Release|Any CPU = Release|Any CPU
	EndGlobalSection
	GlobalSection(ProjectConfigurationPlatforms) = postSolution
		{787A6654-ECFA-4B85-827E-27A176730F9D}.Debug|Any CPU.ActiveCfg = Debug|Any CPU
		{787A6654-ECFA-4B85-827E-27A176730F9D}.Debug|Any CPU.Build.0 = Debug|Any CPU
		{787A6654-ECFA-4B85-827E-27A176730F9D}.Release|Any CPU.ActiveCfg = Release|Any CPU
		{787A6654-ECFA-4B85-827E-27A176730F9D}.Release|Any CPU.Build.0 = Release|Any CPU
		{978C6292-6750-4FD1-A195-7CCEF8C942F9}.Debug|Any CPU.ActiveCfg = Debug|Any CPU
		{978C6292-6750-4FD1-A195-7CCEF8C942F9}.Debug|Any CPU.Build.0 = Debug|Any CPU
		{978C6292-6750-4FD1-A195-7CCEF8C942F9}.Release|Any CPU.ActiveCfg = Release|Any CPU
		{978C6292-6750-4FD1-A195-7CCEF8C942F9}.Release|Any CPU.Build.0 = Release|Any CPU
		{6B44EBFC-C1E2-4636-AD24-7B5CDB4E6511}.Debug|Any CPU.ActiveCfg = Debug|Any CPU
		{6B44EBFC-C1E2-4636-AD24-7B5CDB4E6511}.Debug|Any CPU.Build.0 = Debug|Any CPU
		{6B44EBFC-C1E2-4636-AD24-7B5CDB4E6511}.Release|Any CPU.ActiveCfg = Release|Any CPU
		{6B44EBFC-C1E2-4636-AD24-7B5CDB4E6511}.Release|Any CPU.Build.0 = Release|Any CPU
	EndGlobalSection
	GlobalSection(SolutionProperties) = preSolution
		HideSolutionNode = FALSE
	EndGlobalSection
	GlobalSection(ExtensibilityGlobals) = postSolution
		SolutionGuid = {8DF08535-4AD5-4D00-AA6B-CA33A267C968}
	EndGlobalSection
EndGlobal
